// !$*UTF8*$!
{
	archiveVersion = 1;
	classes = {
	};
	objectVersion = 50;
	objects = {

/* Begin PBXBuildFile section */
		81245A1324AD3E48007955D2 /* AppDelegate.swift in Sources */ = {isa = PBXBuildFile; fileRef = 81245A1224AD3E48007955D2 /* AppDelegate.swift */; };
		81245A1524AD3E48007955D2 /* SceneDelegate.swift in Sources */ = {isa = PBXBuildFile; fileRef = 81245A1424AD3E48007955D2 /* SceneDelegate.swift */; };
		81245A1724AD3E48007955D2 /* ViewController.swift in Sources */ = {isa = PBXBuildFile; fileRef = 81245A1624AD3E48007955D2 /* ViewController.swift */; };
		81245A1A24AD3E48007955D2 /* Main.storyboard in Resources */ = {isa = PBXBuildFile; fileRef = 81245A1824AD3E48007955D2 /* Main.storyboard */; };
		81245A1C24AD3E4E007955D2 /* Assets.xcassets in Resources */ = {isa = PBXBuildFile; fileRef = 81245A1B24AD3E4E007955D2 /* Assets.xcassets */; };
		81245A1F24AD3E4E007955D2 /* LaunchScreen.storyboard in Resources */ = {isa = PBXBuildFile; fileRef = 81245A1D24AD3E4E007955D2 /* LaunchScreen.storyboard */; };
		81245A2A24AD3EB3007955D2 /* Game.swift in Sources */ = {isa = PBXBuildFile; fileRef = 81245A2924AD3EB3007955D2 /* Game.swift */; };
		81245A2C24AD3EE0007955D2 /* Tile.swift in Sources */ = {isa = PBXBuildFile; fileRef = 81245A2B24AD3EE0007955D2 /* Tile.swift */; };
		81245A2E24AD3F1F007955D2 /* Hand.swift in Sources */ = {isa = PBXBuildFile; fileRef = 81245A2D24AD3F1F007955D2 /* Hand.swift */; };
		81245A3024AD3F3F007955D2 /* Line.swift in Sources */ = {isa = PBXBuildFile; fileRef = 81245A2F24AD3F3F007955D2 /* Line.swift */; };
		81245A3224AE7344007955D2 /* GameDelegate.swift in Sources */ = {isa = PBXBuildFile; fileRef = 81245A3124AE7344007955D2 /* GameDelegate.swift */; };
/* End PBXBuildFile section */

/* Begin PBXFileReference section */
		81245A0F24AD3E48007955D2 /* mahjongIOS.app */ = {isa = PBXFileReference; explicitFileType = wrapper.application; includeInIndex = 0; path = mahjongIOS.app; sourceTree = BUILT_PRODUCTS_DIR; };
		81245A1224AD3E48007955D2 /* AppDelegate.swift */ = {isa = PBXFileReference; lastKnownFileType = sourcecode.swift; path = AppDelegate.swift; sourceTree = "<group>"; };
		81245A1424AD3E48007955D2 /* SceneDelegate.swift */ = {isa = PBXFileReference; lastKnownFileType = sourcecode.swift; path = SceneDelegate.swift; sourceTree = "<group>"; };
		81245A1624AD3E48007955D2 /* ViewController.swift */ = {isa = PBXFileReference; lastKnownFileType = sourcecode.swift; path = ViewController.swift; sourceTree = "<group>"; };
		81245A1924AD3E48007955D2 /* Base */ = {isa = PBXFileReference; lastKnownFileType = file.storyboard; name = Base; path = Base.lproj/Main.storyboard; sourceTree = "<group>"; };
		81245A1B24AD3E4E007955D2 /* Assets.xcassets */ = {isa = PBXFileReference; lastKnownFileType = folder.assetcatalog; path = Assets.xcassets; sourceTree = "<group>"; };
		81245A1E24AD3E4E007955D2 /* Base */ = {isa = PBXFileReference; lastKnownFileType = file.storyboard; name = Base; path = Base.lproj/LaunchScreen.storyboard; sourceTree = "<group>"; };
		81245A2024AD3E4E007955D2 /* Info.plist */ = {isa = PBXFileReference; lastKnownFileType = text.plist.xml; path = Info.plist; sourceTree = "<group>"; };
		81245A2924AD3EB3007955D2 /* Game.swift */ = {isa = PBXFileReference; lastKnownFileType = sourcecode.swift; path = Game.swift; sourceTree = "<group>"; };
		81245A2B24AD3EE0007955D2 /* Tile.swift */ = {isa = PBXFileReference; lastKnownFileType = sourcecode.swift; path = Tile.swift; sourceTree = "<group>"; };
		81245A2D24AD3F1F007955D2 /* Hand.swift */ = {isa = PBXFileReference; lastKnownFileType = sourcecode.swift; path = Hand.swift; sourceTree = "<group>"; };
		81245A2F24AD3F3F007955D2 /* Line.swift */ = {isa = PBXFileReference; lastKnownFileType = sourcecode.swift; path = Line.swift; sourceTree = "<group>"; };
		81245A3124AE7344007955D2 /* GameDelegate.swift */ = {isa = PBXFileReference; lastKnownFileType = sourcecode.swift; path = GameDelegate.swift; sourceTree = "<group>"; };
/* End PBXFileReference section */

/* Begin PBXFrameworksBuildPhase section */
		81245A0C24AD3E48007955D2 /* Frameworks */ = {
			isa = PBXFrameworksBuildPhase;
			buildActionMask = 2147483647;
			files = (
			);
			runOnlyForDeploymentPostprocessing = 0;
		};
/* End PBXFrameworksBuildPhase section */

/* Begin PBXGroup section */
		81245A0624AD3E48007955D2 = {
			isa = PBXGroup;
			children = (
				81245A1124AD3E48007955D2 /* mahjongIOS */,
				81245A1024AD3E48007955D2 /* Products */,
			);
			sourceTree = "<group>";
		};
		81245A1024AD3E48007955D2 /* Products */ = {
			isa = PBXGroup;
			children = (
				81245A0F24AD3E48007955D2 /* mahjongIOS.app */,
			);
			name = Products;
			sourceTree = "<group>";
		};
		81245A1124AD3E48007955D2 /* mahjongIOS */ = {
			isa = PBXGroup;
			children = (
				81245A2824AD3E86007955D2 /* Controller */,
				81245A2724AD3E7F007955D2 /* View */,
				81245A2624AD3E74007955D2 /* Model */,
				81245A1224AD3E48007955D2 /* AppDelegate.swift */,
				81245A1424AD3E48007955D2 /* SceneDelegate.swift */,
				81245A1B24AD3E4E007955D2 /* Assets.xcassets */,
				81245A1D24AD3E4E007955D2 /* LaunchScreen.storyboard */,
				81245A2024AD3E4E007955D2 /* Info.plist */,
			);
			path = mahjongIOS;
			sourceTree = "<group>";
		};
		81245A2624AD3E74007955D2 /* Model */ = {
			isa = PBXGroup;
			children = (
				81245A2924AD3EB3007955D2 /* Game.swift */,
				81245A2B24AD3EE0007955D2 /* Tile.swift */,
				81245A2D24AD3F1F007955D2 /* Hand.swift */,
				81245A2F24AD3F3F007955D2 /* Line.swift */,
				81245A3124AE7344007955D2 /* GameDelegate.swift */,
			);
			path = Model;
			sourceTree = "<group>";
		};
		81245A2724AD3E7F007955D2 /* View */ = {
			isa = PBXGroup;
			children = (
				81245A1824AD3E48007955D2 /* Main.storyboard */,
			);
			path = View;
			sourceTree = "<group>";
		};
		81245A2824AD3E86007955D2 /* Controller */ = {
			isa = PBXGroup;
			children = (
				81245A1624AD3E48007955D2 /* ViewController.swift */,
			);
			path = Controller;
			sourceTree = "<group>";
		};
/* End PBXGroup section */

/* Begin PBXNativeTarget section */
		81245A0E24AD3E48007955D2 /* mahjongIOS */ = {
			isa = PBXNativeTarget;
			buildConfigurationList = 81245A2324AD3E4E007955D2 /* Build configuration list for PBXNativeTarget "mahjongIOS" */;
			buildPhases = (
				81245A0B24AD3E48007955D2 /* Sources */,
				81245A0C24AD3E48007955D2 /* Frameworks */,
				81245A0D24AD3E48007955D2 /* Resources */,
			);
			buildRules = (
			);
			dependencies = (
			);
			name = mahjongIOS;
			productName = mahjongIOS;
			productReference = 81245A0F24AD3E48007955D2 /* mahjongIOS.app */;
			productType = "com.apple.product-type.application";
		};
/* End PBXNativeTarget section */

/* Begin PBXProject section */
		81245A0724AD3E48007955D2 /* Project object */ = {
			isa = PBXProject;
			attributes = {
				LastSwiftUpdateCheck = 1150;
				LastUpgradeCheck = 1150;
				ORGANIZATIONNAME = "Shruthilaya Jaganathan";
				TargetAttributes = {
					81245A0E24AD3E48007955D2 = {
						CreatedOnToolsVersion = 11.5;
					};
				};
			};
			buildConfigurationList = 81245A0A24AD3E48007955D2 /* Build configuration list for PBXProject "mahjongIOS" */;
			compatibilityVersion = "Xcode 9.3";
			developmentRegion = en;
			hasScannedForEncodings = 0;
			knownRegions = (
				en,
				Base,
			);
			mainGroup = 81245A0624AD3E48007955D2;
			productRefGroup = 81245A1024AD3E48007955D2 /* Products */;
			projectDirPath = "";
			projectRoot = "";
			targets = (
				81245A0E24AD3E48007955D2 /* mahjongIOS */,
			);
		};
/* End PBXProject section */

/* Begin PBXResourcesBuildPhase section */
		81245A0D24AD3E48007955D2 /* Resources */ = {
			isa = PBXResourcesBuildPhase;
			buildActionMask = 2147483647;
			files = (
				81245A1F24AD3E4E007955D2 /* LaunchScreen.storyboard in Resources */,
				81245A1C24AD3E4E007955D2 /* Assets.xcassets in Resources */,
				81245A1A24AD3E48007955D2 /* Main.storyboard in Resources */,
			);
			runOnlyForDeploymentPostprocessing = 0;
		};
/* End PBXResourcesBuildPhase section */

/* Begin PBXSourcesBuildPhase section */
		81245A0B24AD3E48007955D2 /* Sources */ = {
			isa = PBXSourcesBuildPhase;
			buildActionMask = 2147483647;
			files = (
				81245A1724AD3E48007955D2 /* ViewController.swift in Sources */,
				81245A1324AD3E48007955D2 /* AppDelegate.swift in Sources */,
				81245A3224AE7344007955D2 /* GameDelegate.swift in Sources */,
				81245A2E24AD3F1F007955D2 /* Hand.swift in Sources */,
				81245A2C24AD3EE0007955D2 /* Tile.swift in Sources */,
				81245A1524AD3E48007955D2 /* SceneDelegate.swift in Sources */,
				81245A3024AD3F3F007955D2 /* Line.swift in Sources */,
				81245A2A24AD3EB3007955D2 /* Game.swift in Sources */,
			);
			runOnlyForDeploymentPostprocessing = 0;
		};
/* End PBXSourcesBuildPhase section */

/* Begin PBXVariantGroup section */
		81245A1824AD3E48007955D2 /* Main.storyboard */ = {
			isa = PBXVariantGroup;
			children = (
				81245A1924AD3E48007955D2 /* Base */,
			);
			name = Main.storyboard;
			sourceTree = "<group>";
		};
		81245A1D24AD3E4E007955D2 /* LaunchScreen.storyboard */ = {
			isa = PBXVariantGroup;
			children = (
				81245A1E24AD3E4E007955D2 /* Base */,
			);
			name = LaunchScreen.storyboard;
			sourceTree = "<group>";
		};
/* End PBXVariantGroup section */

/* Begin XCBuildConfiguration section */
		81245A2124AD3E4E007955D2 /* Debug */ = {
			isa = XCBuildConfiguration;
			buildSettings = {
				ALWAYS_SEARCH_USER_PATHS = NO;
				CLANG_ANALYZER_NONNULL = YES;
				CLANG_ANALYZER_NUMBER_OBJECT_CONVERSION = YES_AGGRESSIVE;
				CLANG_CXX_LANGUAGE_STANDARD = "gnu++14";
				CLANG_CXX_LIBRARY = "libc++";
				CLANG_ENABLE_MODULES = YES;
				CLANG_ENABLE_OBJC_ARC = YES;
				CLANG_ENABLE_OBJC_WEAK = YES;
				CLANG_WARN_BLOCK_CAPTURE_AUTORELEASING = YES;
				CLANG_WARN_BOOL_CONVERSION = YES;
				CLANG_WARN_COMMA = YES;
				CLANG_WARN_CONSTANT_CONVERSION = YES;
				CLANG_WARN_DEPRECATED_OBJC_IMPLEMENTATIONS = YES;
				CLANG_WARN_DIRECT_OBJC_ISA_USAGE = YES_ERROR;
				CLANG_WARN_DOCUMENTATION_COMMENTS = YES;
				CLANG_WARN_EMPTY_BODY = YES;
				CLANG_WARN_ENUM_CONVERSION = YES;
				CLANG_WARN_INFINITE_RECURSION = YES;
				CLANG_WARN_INT_CONVERSION = YES;
				CLANG_WARN_NON_LITERAL_NULL_CONVERSION = YES;
				CLANG_WARN_OBJC_IMPLICIT_RETAIN_SELF = YES;
				CLANG_WARN_OBJC_LITERAL_CONVERSION = YES;
				CLANG_WARN_OBJC_ROOT_CLASS = YES_ERROR;
				CLANG_WARN_RANGE_LOOP_ANALYSIS = YES;
				CLANG_WARN_STRICT_PROTOTYPES = YES;
				CLANG_WARN_SUSPICIOUS_MOVE = YES;
				CLANG_WARN_UNGUARDED_AVAILABILITY = YES_AGGRESSIVE;
				CLANG_WARN_UNREACHABLE_CODE = YES;
				CLANG_WARN__DUPLICATE_METHOD_MATCH = YES;
				COPY_PHASE_STRIP = NO;
				DEBUG_INFORMATION_FORMAT = dwarf;
				ENABLE_STRICT_OBJC_MSGSEND = YES;
				ENABLE_TESTABILITY = YES;
				GCC_C_LANGUAGE_STANDARD = gnu11;
				GCC_DYNAMIC_NO_PIC = NO;
				GCC_NO_COMMON_BLOCKS = YES;
				GCC_OPTIMIZATION_LEVEL = 0;
				GCC_PREPROCESSOR_DEFINITIONS = (
					"DEBUG=1",
					"$(inherited)",
				);
				GCC_WARN_64_TO_32_BIT_CONVERSION = YES;
				GCC_WARN_ABOUT_RETURN_TYPE = YES_ERROR;
				GCC_WARN_UNDECLARED_SELECTOR = YES;
				GCC_WARN_UNINITIALIZED_AUTOS = YES_AGGRESSIVE;
				GCC_WARN_UNUSED_FUNCTION = YES;
				GCC_WARN_UNUSED_VARIABLE = YES;
				IPHONEOS_DEPLOYMENT_TARGET = 13.5;
				MTL_ENABLE_DEBUG_INFO = INCLUDE_SOURCE;
				MTL_FAST_MATH = YES;
				ONLY_ACTIVE_ARCH = YES;
				SDKROOT = iphoneos;
				SWIFT_ACTIVE_COMPILATION_CONDITIONS = DEBUG;
				SWIFT_OPTIMIZATION_LEVEL = "-Onone";
			};
			name = Debug;
		};
		81245A2224AD3E4E007955D2 /* Release */ = {
			isa = XCBuildConfiguration;
			buildSettings = {
				ALWAYS_SEARCH_USER_PATHS = NO;
				CLANG_ANALYZER_NONNULL = YES;
				CLANG_ANALYZER_NUMBER_OBJECT_CONVERSION = YES_AGGRESSIVE;
				CLANG_CXX_LANGUAGE_STANDARD = "gnu++14";
				CLANG_CXX_LIBRARY = "libc++";
				CLANG_ENABLE_MODULES = YES;
				CLANG_ENABLE_OBJC_ARC = YES;
				CLANG_ENABLE_OBJC_WEAK = YES;
				CLANG_WARN_BLOCK_CAPTURE_AUTORELEASING = YES;
				CLANG_WARN_BOOL_CONVERSION = YES;
				CLANG_WARN_COMMA = YES;
				CLANG_WARN_CONSTANT_CONVERSION = YES;
				CLANG_WARN_DEPRECATED_OBJC_IMPLEMENTATIONS = YES;
				CLANG_WARN_DIRECT_OBJC_ISA_USAGE = YES_ERROR;
				CLANG_WARN_DOCUMENTATION_COMMENTS = YES;
				CLANG_WARN_EMPTY_BODY = YES;
				CLANG_WARN_ENUM_CONVERSION = YES;
				CLANG_WARN_INFINITE_RECURSION = YES;
				CLANG_WARN_INT_CONVERSION = YES;
				CLANG_WARN_NON_LITERAL_NULL_CONVERSION = YES;
				CLANG_WARN_OBJC_IMPLICIT_RETAIN_SELF = YES;
				CLANG_WARN_OBJC_LITERAL_CONVERSION = YES;
				CLANG_WARN_OBJC_ROOT_CLASS = YES_ERROR;
				CLANG_WARN_RANGE_LOOP_ANALYSIS = YES;
				CLANG_WARN_STRICT_PROTOTYPES = YES;
				CLANG_WARN_SUSPICIOUS_MOVE = YES;
				CLANG_WARN_UNGUARDED_AVAILABILITY = YES_AGGRESSIVE;
				CLANG_WARN_UNREACHABLE_CODE = YES;
				CLANG_WARN__DUPLICATE_METHOD_MATCH = YES;
				COPY_PHASE_STRIP = NO;
				DEBUG_INFORMATION_FORMAT = "dwarf-with-dsym";
				ENABLE_NS_ASSERTIONS = NO;
				ENABLE_STRICT_OBJC_MSGSEND = YES;
				GCC_C_LANGUAGE_STANDARD = gnu11;
				GCC_NO_COMMON_BLOCKS = YES;
				GCC_WARN_64_TO_32_BIT_CONVERSION = YES;
				GCC_WARN_ABOUT_RETURN_TYPE = YES_ERROR;
				GCC_WARN_UNDECLARED_SELECTOR = YES;
				GCC_WARN_UNINITIALIZED_AUTOS = YES_AGGRESSIVE;
				GCC_WARN_UNUSED_FUNCTION = YES;
				GCC_WARN_UNUSED_VARIABLE = YES;
				IPHONEOS_DEPLOYMENT_TARGET = 13.5;
				MTL_ENABLE_DEBUG_INFO = NO;
				MTL_FAST_MATH = YES;
				SDKROOT = iphoneos;
				SWIFT_COMPILATION_MODE = wholemodule;
				SWIFT_OPTIMIZATION_LEVEL = "-O";
				VALIDATE_PRODUCT = YES;
			};
			name = Release;
		};
		81245A2424AD3E4E007955D2 /* Debug */ = {
			isa = XCBuildConfiguration;
			buildSettings = {
				ASSETCATALOG_COMPILER_APPICON_NAME = AppIcon;
				CODE_SIGN_STYLE = Automatic;
				INFOPLIST_FILE = mahjongIOS/Info.plist;
				LD_RUNPATH_SEARCH_PATHS = (
					"$(inherited)",
					"@executable_path/Frameworks",
				);
				PRODUCT_BUNDLE_IDENTIFIER = com.shruthilayajaganathan.mahjongIOS;
				PRODUCT_NAME = "$(TARGET_NAME)";
				SWIFT_VERSION = 5.0;
				TARGETED_DEVICE_FAMILY = "1,2";
			};
			name = Debug;
		};
		81245A2524AD3E4E007955D2 /* Release */ = {
			isa = XCBuildConfiguration;
			buildSettings = {
				ASSETCATALOG_COMPILER_APPICON_NAME = AppIcon;
				CODE_SIGN_STYLE = Automatic;
				INFOPLIST_FILE = mahjongIOS/Info.plist;
				LD_RUNPATH_SEARCH_PATHS = (
					"$(inherited)",
					"@executable_path/Frameworks",
				);
				PRODUCT_BUNDLE_IDENTIFIER = com.shruthilayajaganathan.mahjongIOS;
				PRODUCT_NAME = "$(TARGET_NAME)";
				SWIFT_VERSION = 5.0;
				TARGETED_DEVICE_FAMILY = "1,2";
			};
			name = Release;
		};
/* End XCBuildConfiguration section */

/* Begin XCConfigurationList section */
		81245A0A24AD3E48007955D2 /* Build configuration list for PBXProject "mahjongIOS" */ = {
			isa = XCConfigurationList;
			buildConfigurations = (
				81245A2124AD3E4E007955D2 /* Debug */,
				81245A2224AD3E4E007955D2 /* Release */,
			);
			defaultConfigurationIsVisible = 0;
			defaultConfigurationName = Release;
		};
		81245A2324AD3E4E007955D2 /* Build configuration list for PBXNativeTarget "mahjongIOS" */ = {
			isa = XCConfigurationList;
			buildConfigurations = (
				81245A2424AD3E4E007955D2 /* Debug */,
				81245A2524AD3E4E007955D2 /* Release */,
			);
			defaultConfigurationIsVisible = 0;
			defaultConfigurationName = Release;
		};
/* End XCConfigurationList section */
	};
	rootObject = 81245A0724AD3E48007955D2 /* Project object */;
}
